// !$*UTF8*$!
{
	archiveVersion = 1;
	classes = {
	};
	objectVersion = 46;
	objects = {

/* Begin PBXBuildFile section */
		0F561C271A610B8A00B9E758 /* WebViewController.m in Sources */ = {isa = PBXBuildFile; fileRef = 0F561C261A610B8A00B9E758 /* WebViewController.m */; };
		0FC91DE81A5F3A7D00AFB3F3 /* main.m in Sources */ = {isa = PBXBuildFile; fileRef = 0FC91DE71A5F3A7D00AFB3F3 /* main.m */; };
		0FC91DEB1A5F3A7D00AFB3F3 /* AppDelegate.m in Sources */ = {isa = PBXBuildFile; fileRef = 0FC91DEA1A5F3A7D00AFB3F3 /* AppDelegate.m */; };
		0FC91DEE1A5F3A7D00AFB3F3 /* HomeViewController.m in Sources */ = {isa = PBXBuildFile; fileRef = 0FC91DED1A5F3A7D00AFB3F3 /* HomeViewController.m */; };
		0FC91DF11A5F3A7D00AFB3F3 /* Main.storyboard in Resources */ = {isa = PBXBuildFile; fileRef = 0FC91DEF1A5F3A7D00AFB3F3 /* Main.storyboard */; };
		0FC91DF31A5F3A7D00AFB3F3 /* Images.xcassets in Resources */ = {isa = PBXBuildFile; fileRef = 0FC91DF21A5F3A7D00AFB3F3 /* Images.xcassets */; };
		0FC91DF61A5F3A7D00AFB3F3 /* LaunchScreen.xib in Resources */ = {isa = PBXBuildFile; fileRef = 0FC91DF41A5F3A7D00AFB3F3 /* LaunchScreen.xib */; };
		0FC91E021A5F3A7D00AFB3F3 /* TicTacToeTests.m in Sources */ = {isa = PBXBuildFile; fileRef = 0FC91E011A5F3A7D00AFB3F3 /* TicTacToeTests.m */; };
		0FC91E0D1A5F3B8600AFB3F3 /* PlayViewController.m in Sources */ = {isa = PBXBuildFile; fileRef = 0FC91E0C1A5F3B8600AFB3F3 /* PlayViewController.m */; };
/* End PBXBuildFile section */

/* Begin PBXContainerItemProxy section */
		0FC91DFC1A5F3A7D00AFB3F3 /* PBXContainerItemProxy */ = {
			isa = PBXContainerItemProxy;
			containerPortal = 0FC91DDA1A5F3A7D00AFB3F3 /* Project object */;
			proxyType = 1;
			remoteGlobalIDString = 0FC91DE11A5F3A7D00AFB3F3;
			remoteInfo = TicTacToe;
		};
/* End PBXContainerItemProxy section */

/* Begin PBXFileReference section */
		0F561C251A610B8A00B9E758 /* WebViewController.h */ = {isa = PBXFileReference; fileEncoding = 4; lastKnownFileType = sourcecode.c.h; path = WebViewController.h; sourceTree = "<group>"; };
		0F561C261A610B8A00B9E758 /* WebViewController.m */ = {isa = PBXFileReference; fileEncoding = 4; lastKnownFileType = sourcecode.c.objc; path = WebViewController.m; sourceTree = "<group>"; };
		0FC91DE21A5F3A7D00AFB3F3 /* TicTacToe.app */ = {isa = PBXFileReference; explicitFileType = wrapper.application; includeInIndex = 0; path = TicTacToe.app; sourceTree = BUILT_PRODUCTS_DIR; };
		0FC91DE61A5F3A7D00AFB3F3 /* Info.plist */ = {isa = PBXFileReference; lastKnownFileType = text.plist.xml; path = Info.plist; sourceTree = "<group>"; };
		0FC91DE71A5F3A7D00AFB3F3 /* main.m */ = {isa = PBXFileReference; lastKnownFileType = sourcecode.c.objc; path = main.m; sourceTree = "<group>"; };
		0FC91DE91A5F3A7D00AFB3F3 /* AppDelegate.h */ = {isa = PBXFileReference; lastKnownFileType = sourcecode.c.h; path = AppDelegate.h; sourceTree = "<group>"; };
		0FC91DEA1A5F3A7D00AFB3F3 /* AppDelegate.m */ = {isa = PBXFileReference; lastKnownFileType = sourcecode.c.objc; path = AppDelegate.m; sourceTree = "<group>"; };
		0FC91DEC1A5F3A7D00AFB3F3 /* HomeViewController.h */ = {isa = PBXFileReference; lastKnownFileType = sourcecode.c.h; path = HomeViewController.h; sourceTree = "<group>"; };
		0FC91DED1A5F3A7D00AFB3F3 /* HomeViewController.m */ = {isa = PBXFileReference; lastKnownFileType = sourcecode.c.objc; path = HomeViewController.m; sourceTree = "<group>"; };
		0FC91DF01A5F3A7D00AFB3F3 /* Base */ = {isa = PBXFileReference; lastKnownFileType = file.storyboard; name = Base; path = Base.lproj/Main.storyboard; sourceTree = "<group>"; };
		0FC91DF21A5F3A7D00AFB3F3 /* Images.xcassets */ = {isa = PBXFileReference; lastKnownFileType = folder.assetcatalog; path = Images.xcassets; sourceTree = "<group>"; };
		0FC91DF51A5F3A7D00AFB3F3 /* Base */ = {isa = PBXFileReference; lastKnownFileType = file.xib; name = Base; path = Base.lproj/LaunchScreen.xib; sourceTree = "<group>"; };
		0FC91DFB1A5F3A7D00AFB3F3 /* TicTacToeTests.xctest */ = {isa = PBXFileReference; explicitFileType = wrapper.cfbundle; includeInIndex = 0; path = TicTacToeTests.xctest; sourceTree = BUILT_PRODUCTS_DIR; };
		0FC91E001A5F3A7D00AFB3F3 /* Info.plist */ = {isa = PBXFileReference; lastKnownFileType = text.plist.xml; path = Info.plist; sourceTree = "<group>"; };
		0FC91E011A5F3A7D00AFB3F3 /* TicTacToeTests.m */ = {isa = PBXFileReference; lastKnownFileType = sourcecode.c.objc; path = TicTacToeTests.m; sourceTree = "<group>"; };
		0FC91E0B1A5F3B8600AFB3F3 /* PlayViewController.h */ = {isa = PBXFileReference; fileEncoding = 4; lastKnownFileType = sourcecode.c.h; path = PlayViewController.h; sourceTree = "<group>"; };
		0FC91E0C1A5F3B8600AFB3F3 /* PlayViewController.m */ = {isa = PBXFileReference; fileEncoding = 4; lastKnownFileType = sourcecode.c.objc; path = PlayViewController.m; sourceTree = "<group>"; };
/* End PBXFileReference section */

/* Begin PBXFrameworksBuildPhase section */
		0FC91DDF1A5F3A7D00AFB3F3 /* Frameworks */ = {
			isa = PBXFrameworksBuildPhase;
			buildActionMask = 2147483647;
			files = (
			);
			runOnlyForDeploymentPostprocessing = 0;
		};
		0FC91DF81A5F3A7D00AFB3F3 /* Frameworks */ = {
			isa = PBXFrameworksBuildPhase;
			buildActionMask = 2147483647;
			files = (
			);
			runOnlyForDeploymentPostprocessing = 0;
		};
/* End PBXFrameworksBuildPhase section */

/* Begin PBXGroup section */
		0FC91DD91A5F3A7D00AFB3F3 = {
			isa = PBXGroup;
			children = (
				0FC91DE41A5F3A7D00AFB3F3 /* TicTacToe */,
				0FC91DFE1A5F3A7D00AFB3F3 /* TicTacToeTests */,
				0FC91DE31A5F3A7D00AFB3F3 /* Products */,
			);
			sourceTree = "<group>";
		};
		0FC91DE31A5F3A7D00AFB3F3 /* Products */ = {
			isa = PBXGroup;
			children = (
				0FC91DE21A5F3A7D00AFB3F3 /* TicTacToe.app */,
				0FC91DFB1A5F3A7D00AFB3F3 /* TicTacToeTests.xctest */,
			);
			name = Products;
			sourceTree = "<group>";
		};
		0FC91DE41A5F3A7D00AFB3F3 /* TicTacToe */ = {
			isa = PBXGroup;
			children = (
				0FC91DE91A5F3A7D00AFB3F3 /* AppDelegate.h */,
				0FC91DEA1A5F3A7D00AFB3F3 /* AppDelegate.m */,
				0FC91DEC1A5F3A7D00AFB3F3 /* HomeViewController.h */,
				0FC91DED1A5F3A7D00AFB3F3 /* HomeViewController.m */,
				0FC91E0B1A5F3B8600AFB3F3 /* PlayViewController.h */,
				0FC91E0C1A5F3B8600AFB3F3 /* PlayViewController.m */,
				0F561C251A610B8A00B9E758 /* WebViewController.h */,
				0F561C261A610B8A00B9E758 /* WebViewController.m */,
				0FC91DEF1A5F3A7D00AFB3F3 /* Main.storyboard */,
				0FC91DF21A5F3A7D00AFB3F3 /* Images.xcassets */,
				0FC91DF41A5F3A7D00AFB3F3 /* LaunchScreen.xib */,
				0FC91DE51A5F3A7D00AFB3F3 /* Supporting Files */,
			);
			path = TicTacToe;
			sourceTree = "<group>";
		};
		0FC91DE51A5F3A7D00AFB3F3 /* Supporting Files */ = {
			isa = PBXGroup;
			children = (
				0FC91DE61A5F3A7D00AFB3F3 /* Info.plist */,
				0FC91DE71A5F3A7D00AFB3F3 /* main.m */,
			);
			name = "Supporting Files";
			sourceTree = "<group>";
		};
		0FC91DFE1A5F3A7D00AFB3F3 /* TicTacToeTests */ = {
			isa = PBXGroup;
			children = (
				0FC91E011A5F3A7D00AFB3F3 /* TicTacToeTests.m */,
				0FC91DFF1A5F3A7D00AFB3F3 /* Supporting Files */,
			);
			path = TicTacToeTests;
			sourceTree = "<group>";
		};
		0FC91DFF1A5F3A7D00AFB3F3 /* Supporting Files */ = {
			isa = PBXGroup;
			children = (
				0FC91E001A5F3A7D00AFB3F3 /* Info.plist */,
			);
			name = "Supporting Files";
			sourceTree = "<group>";
		};
/* End PBXGroup section */

/* Begin PBXNativeTarget section */
		0FC91DE11A5F3A7D00AFB3F3 /* TicTacToe */ = {
			isa = PBXNativeTarget;
			buildConfigurationList = 0FC91E051A5F3A7D00AFB3F3 /* Build configuration list for PBXNativeTarget "TicTacToe" */;
			buildPhases = (
				0FC91DDE1A5F3A7D00AFB3F3 /* Sources */,
				0FC91DDF1A5F3A7D00AFB3F3 /* Frameworks */,
				0FC91DE01A5F3A7D00AFB3F3 /* Resources */,
			);
			buildRules = (
			);
			dependencies = (
			);
			name = TicTacToe;
			productName = TicTacToe;
			productReference = 0FC91DE21A5F3A7D00AFB3F3 /* TicTacToe.app */;
			productType = "com.apple.product-type.application";
		};
		0FC91DFA1A5F3A7D00AFB3F3 /* TicTacToeTests */ = {
			isa = PBXNativeTarget;
			buildConfigurationList = 0FC91E081A5F3A7D00AFB3F3 /* Build configuration list for PBXNativeTarget "TicTacToeTests" */;
			buildPhases = (
				0FC91DF71A5F3A7D00AFB3F3 /* Sources */,
				0FC91DF81A5F3A7D00AFB3F3 /* Frameworks */,
				0FC91DF91A5F3A7D00AFB3F3 /* Resources */,
			);
			buildRules = (
			);
			dependencies = (
				0FC91DFD1A5F3A7D00AFB3F3 /* PBXTargetDependency */,
			);
			name = TicTacToeTests;
			productName = TicTacToeTests;
			productReference = 0FC91DFB1A5F3A7D00AFB3F3 /* TicTacToeTests.xctest */;
			productType = "com.apple.product-type.bundle.unit-test";
		};
/* End PBXNativeTarget section */

/* Begin PBXProject section */
		0FC91DDA1A5F3A7D00AFB3F3 /* Project object */ = {
			isa = PBXProject;
			attributes = {
				LastUpgradeCheck = 0610;
				ORGANIZATIONNAME = ChrisGiersch;
				TargetAttributes = {
					0FC91DE11A5F3A7D00AFB3F3 = {
						CreatedOnToolsVersion = 6.1.1;
					};
					0FC91DFA1A5F3A7D00AFB3F3 = {
						CreatedOnToolsVersion = 6.1.1;
						TestTargetID = 0FC91DE11A5F3A7D00AFB3F3;
					};
				};
			};
			buildConfigurationList = 0FC91DDD1A5F3A7D00AFB3F3 /* Build configuration list for PBXProject "TicTacToe" */;
			compatibilityVersion = "Xcode 3.2";
			developmentRegion = English;
			hasScannedForEncodings = 0;
			knownRegions = (
				en,
				Base,
			);
			mainGroup = 0FC91DD91A5F3A7D00AFB3F3;
			productRefGroup = 0FC91DE31A5F3A7D00AFB3F3 /* Products */;
			projectDirPath = "";
			projectRoot = "";
			targets = (
				0FC91DE11A5F3A7D00AFB3F3 /* TicTacToe */,
				0FC91DFA1A5F3A7D00AFB3F3 /* TicTacToeTests */,
			);
		};
/* End PBXProject section */

/* Begin PBXResourcesBuildPhase section */
		0FC91DE01A5F3A7D00AFB3F3 /* Resources */ = {
			isa = PBXResourcesBuildPhase;
			buildActionMask = 2147483647;
			files = (
				0FC91DF11A5F3A7D00AFB3F3 /* Main.storyboard in Resources */,
				0FC91DF61A5F3A7D00AFB3F3 /* LaunchScreen.xib in Resources */,
				0FC91DF31A5F3A7D00AFB3F3 /* Images.xcassets in Resources */,
			);
			runOnlyForDeploymentPostprocessing = 0;
		};
		0FC91DF91A5F3A7D00AFB3F3 /* Resources */ = {
			isa = PBXResourcesBuildPhase;
			buildActionMask = 2147483647;
			files = (
			);
			runOnlyForDeploymentPostprocessing = 0;
		};
/* End PBXResourcesBuildPhase section */

/* Begin PBXSourcesBuildPhase section */
		0FC91DDE1A5F3A7D00AFB3F3 /* Sources */ = {
			isa = PBXSourcesBuildPhase;
			buildActionMask = 2147483647;
			files = (
				0FC91E0D1A5F3B8600AFB3F3 /* PlayViewController.m in Sources */,
				0FC91DEE1A5F3A7D00AFB3F3 /* HomeViewController.m in Sources */,
				0FC91DEB1A5F3A7D00AFB3F3 /* AppDelegate.m in Sources */,
				0FC91DE81A5F3A7D00AFB3F3 /* main.m in Sources */,
				0F561C271A610B8A00B9E758 /* WebViewController.m in Sources */,
			);
			runOnlyForDeploymentPostprocessing = 0;
		};
		0FC91DF71A5F3A7D00AFB3F3 /* Sources */ = {
			isa = PBXSourcesBuildPhase;
			buildActionMask = 2147483647;
			files = (
				0FC91E021A5F3A7D00AFB3F3 /* TicTacToeTests.m in Sources */,
			);
			runOnlyForDeploymentPostprocessing = 0;
		};
/* End PBXSourcesBuildPhase section */

/* Begin PBXTargetDependency section */
		0FC91DFD1A5F3A7D00AFB3F3 /* PBXTargetDependency */ = {
			isa = PBXTargetDependency;
			target = 0FC91DE11A5F3A7D00AFB3F3 /* TicTacToe */;
			targetProxy = 0FC91DFC1A5F3A7D00AFB3F3 /* PBXContainerItemProxy */;
		};
/* End PBXTargetDependency section */

/* Begin PBXVariantGroup section */
		0FC91DEF1A5F3A7D00AFB3F3 /* Main.storyboard */ = {
			isa = PBXVariantGroup;
			children = (
				0FC91DF01A5F3A7D00AFB3F3 /* Base */,
			);
			name = Main.storyboard;
			sourceTree = "<group>";
		};
		0FC91DF41A5F3A7D00AFB3F3 /* LaunchScreen.xib */ = {
			isa = PBXVariantGroup;
			children = (
				0FC91DF51A5F3A7D00AFB3F3 /* Base */,
			);
			name = LaunchScreen.xib;
			sourceTree = "<group>";
		};
/* End PBXVariantGroup section */

/* Begin XCBuildConfiguration section */
		0FC91E031A5F3A7D00AFB3F3 /* Debug */ = {
			isa = XCBuildConfiguration;
			buildSettings = {
				ALWAYS_SEARCH_USER_PATHS = NO;
				CLANG_CXX_LANGUAGE_STANDARD = "gnu++0x";
				CLANG_CXX_LIBRARY = "libc++";
				CLANG_ENABLE_MODULES = YES;
				CLANG_ENABLE_OBJC_ARC = YES;
				CLANG_WARN_BOOL_CONVERSION = YES;
				CLANG_WARN_CONSTANT_CONVERSION = YES;
				CLANG_WARN_DIRECT_OBJC_ISA_USAGE = YES_ERROR;
				CLANG_WARN_EMPTY_BODY = YES;
				CLANG_WARN_ENUM_CONVERSION = YES;
				CLANG_WARN_INT_CONVERSION = YES;
				CLANG_WARN_OBJC_ROOT_CLASS = YES_ERROR;
				CLANG_WARN_UNREACHABLE_CODE = YES;
				CLANG_WARN__DUPLICATE_METHOD_MATCH = YES;
				"CODE_SIGN_IDENTITY[sdk=iphoneos*]" = "iPhone Developer";
				COPY_PHASE_STRIP = NO;
				ENABLE_STRICT_OBJC_MSGSEND = YES;
				GCC_C_LANGUAGE_STANDARD = gnu99;
				GCC_DYNAMIC_NO_PIC = NO;
				GCC_OPTIMIZATION_LEVEL = 0;
				GCC_PREPROCESSOR_DEFINITIONS = (
					"DEBUG=1",
					"$(inherited)",
				);
				GCC_SYMBOLS_PRIVATE_EXTERN = NO;
				GCC_WARN_64_TO_32_BIT_CONVERSION = YES;
				GCC_WARN_ABOUT_RETURN_TYPE = YES_ERROR;
				GCC_WARN_UNDECLARED_SELECTOR = YES;
				GCC_WARN_UNINITIALIZED_AUTOS = YES_AGGRESSIVE;
				GCC_WARN_UNUSED_FUNCTION = YES;
				GCC_WARN_UNUSED_VARIABLE = YES;
				IPHONEOS_DEPLOYMENT_TARGET = 8.1;
				MTL_ENABLE_DEBUG_INFO = YES;
				ONLY_ACTIVE_ARCH = YES;
				SDKROOT = iphoneos;
			};
			name = Debug;
		};
		0FC91E041A5F3A7D00AFB3F3 /* Release */ = {
			isa = XCBuildConfiguration;
			buildSettings = {
				ALWAYS_SEARCH_USER_PATHS = NO;
				CLANG_CXX_LANGUAGE_STANDARD = "gnu++0x";
				CLANG_CXX_LIBRARY = "libc++";
				CLANG_ENABLE_MODULES = YES;
				CLANG_ENABLE_OBJC_ARC = YES;
				CLANG_WARN_BOOL_CONVERSION = YES;
				CLANG_WARN_CONSTANT_CONVERSION = YES;
				CLANG_WARN_DIRECT_OBJC_ISA_USAGE = YES_ERROR;
				CLANG_WARN_EMPTY_BODY = YES;
				CLANG_WARN_ENUM_CONVERSION = YES;
				CLANG_WARN_INT_CONVERSION = YES;
				CLANG_WARN_OBJC_ROOT_CLASS = YES_ERROR;
				CLANG_WARN_UNREACHABLE_CODE = YES;
				CLANG_WARN__DUPLICATE_METHOD_MATCH = YES;
				"CODE_SIGN_IDENTITY[sdk=iphoneos*]" = "iPhone Developer";
				COPY_PHASE_STRIP = YES;
				ENABLE_NS_ASSERTIONS = NO;
				ENABLE_STRICT_OBJC_MSGSEND = YES;
				GCC_C_LANGUAGE_STANDARD = gnu99;
				GCC_WARN_64_TO_32_BIT_CONVERSION = YES;
				GCC_WARN_ABOUT_RETURN_TYPE = YES_ERROR;
				GCC_WARN_UNDECLARED_SELECTOR = YES;
				GCC_WARN_UNINITIALIZED_AUTOS = YES_AGGRESSIVE;
				GCC_WARN_UNUSED_FUNCTION = YES;
				GCC_WARN_UNUSED_VARIABLE = YES;
				IPHONEOS_DEPLOYMENT_TARGET = 8.1;
				MTL_ENABLE_DEBUG_INFO = NO;
				SDKROOT = iphoneos;
				VALIDATE_PRODUCT = YES;
			};
			name = Release;
		};
		0FC91E061A5F3A7D00AFB3F3 /* Debug */ = {
			isa = XCBuildConfiguration;
			buildSettings = {
				ASSETCATALOG_COMPILER_APPICON_NAME = AppIcon;
				INFOPLIST_FILE = TicTacToe/Info.plist;
				LD_RUNPATH_SEARCH_PATHS = "$(inherited) @executable_path/Frameworks";
				PRODUCT_NAME = "$(TARGET_NAME)";
			};
			name = Debug;
		};
		0FC91E071A5F3A7D00AFB3F3 /* Release */ = {
			isa = XCBuildConfiguration;
			buildSettings = {
				ASSETCATALOG_COMPILER_APPICON_NAME = AppIcon;
				INFOPLIST_FILE = TicTacToe/Info.plist;
				LD_RUNPATH_SEARCH_PATHS = "$(inherited) @executable_path/Frameworks";
				PRODUCT_NAME = "$(TARGET_NAME)";
			};
			name = Release;
		};
		0FC91E091A5F3A7D00AFB3F3 /* Debug */ = {
			isa = XCBuildConfiguration;
			buildSettings = {
				BUNDLE_LOADER = "$(TEST_HOST)";
				FRAMEWORK_SEARCH_PATHS = (
					"$(SDKROOT)/Developer/Library/Frameworks",
					"$(inherited)",
				);
				GCC_PREPROCESSOR_DEFINITIONS = (
					"DEBUG=1",
					"$(inherited)",
				);
				INFOPLIST_FILE = TicTacToeTests/Info.plist;
				LD_RUNPATH_SEARCH_PATHS = "$(inherited) @executable_path/Frameworks @loader_path/Frameworks";
				PRODUCT_NAME = "$(TARGET_NAME)";
				TEST_HOST = "$(BUILT_PRODUCTS_DIR)/TicTacToe.app/TicTacToe";
			};
			name = Debug;
		};
		0FC91E0A1A5F3A7D00AFB3F3 /* Release */ = {
			isa = XCBuildConfiguration;
			buildSettings = {
				BUNDLE_LOADER = "$(TEST_HOST)";
				FRAMEWORK_SEARCH_PATHS = (
					"$(SDKROOT)/Developer/Library/Frameworks",
					"$(inherited)",
				);
				INFOPLIST_FILE = TicTacToeTests/Info.plist;
				LD_RUNPATH_SEARCH_PATHS = "$(inherited) @executable_path/Frameworks @loader_path/Frameworks";
				PRODUCT_NAME = "$(TARGET_NAME)";
				TEST_HOST = "$(BUILT_PRODUCTS_DIR)/TicTacToe.app/TicTacToe";
			};
			name = Release;
		};
/* End XCBuildConfiguration section */

/* Begin XCConfigurationList section */
		0FC91DDD1A5F3A7D00AFB3F3 /* Build configuration list for PBXProject "TicTacToe" */ = {
			isa = XCConfigurationList;
			buildConfigurations = (
				0FC91E031A5F3A7D00AFB3F3 /* Debug */,
				0FC91E041A5F3A7D00AFB3F3 /* Release */,
			);
			defaultConfigurationIsVisible = 0;
			defaultConfigurationName = Release;
		};
		0FC91E051A5F3A7D00AFB3F3 /* Build configuration list for PBXNativeTarget "TicTacToe" */ = {
			isa = XCConfigurationList;
			buildConfigurations = (
				0FC91E061A5F3A7D00AFB3F3 /* Debug */,
				0FC91E071A5F3A7D00AFB3F3 /* Release */,
			);
			defaultConfigurationIsVisible = 0;
			defaultConfigurationName = Release;
		};
		0FC91E081A5F3A7D00AFB3F3 /* Build configuration list for PBXNativeTarget "TicTacToeTests" */ = {
			isa = XCConfigurationList;
			buildConfigurations = (
				0FC91E091A5F3A7D00AFB3F3 /* Debug */,
				0FC91E0A1A5F3A7D00AFB3F3 /* Release */,
			);
			defaultConfigurationIsVisible = 0;
			defaultConfigurationName = Release;
		};
/* End XCConfigurationList section */
	};
	rootObject = 0FC91DDA1A5F3A7D00AFB3F3 /* Project object */;
}
